// !$*UTF8*$!
{
	archiveVersion = 1;
	classes = {
	};
	objectVersion = 77;
	objects = {

/* Begin PBXBuildFile section */
		59A4F7A42F320B6700FD4FCC /* AppDelegate.swift in Sources */ = {isa = PBXBuildFile; fileRef = 59A4F78C2F320B6700FD4FCC /* AppDelegate.swift */; };
		59A4F7A52F320B6700FD4FCC /* SceneDelegate.swift in Sources */ = {isa = PBXBuildFile; fileRef = 59A4F78D2F320B6700FD4FCC /* SceneDelegate.swift */; };
		59A4F7A62F320B6700FD4FCC /* EditHabitViewController.swift in Sources */ = {isa = PBXBuildFile; fileRef = 59A4F78F2F320B6700FD4FCC /* EditHabitViewController.swift */; };
		59A4F7A92F320B6700FD4FCC /* UIView.addSubViews.swift in Sources */ = {isa = PBXBuildFile; fileRef = 59A4F7942F320B6700FD4FCC /* UIView.addSubViews.swift */; };
		59A4F7AA2F320B6700FD4FCC /* InfoViewController.swift in Sources */ = {isa = PBXBuildFile; fileRef = 59A4F7962F320B6700FD4FCC /* InfoViewController.swift */; };
		59A4F7AB2F320B6700FD4FCC /* LaunchScreenViewController.swift in Sources */ = {isa = PBXBuildFile; fileRef = 59A4F7982F320B6700FD4FCC /* LaunchScreenViewController.swift */; };
		59A4F7AF2F320B6700FD4FCC /* HabitsStore.swift in Sources */ = {isa = PBXBuildFile; fileRef = 59A4F7A12F320B6700FD4FCC /* HabitsStore.swift */; };
		59A4F7B02F320B6700FD4FCC /* Assets.xcassets in Resources */ = {isa = PBXBuildFile; fileRef = 59A4F79E2F320B6700FD4FCC /* Assets.xcassets */; };
		59A4F7B82F320C6C00FD4FCC /* HabitDetailsTableViewCell.swift in Sources */ = {isa = PBXBuildFile; fileRef = 59A4F7B62F320C6C00FD4FCC /* HabitDetailsTableViewCell.swift */; };
		59A4F7BB2F320C7F00FD4FCC /* HabitDetailsViewController.swift in Sources */ = {isa = PBXBuildFile; fileRef = 59A4F7B92F320C7F00FD4FCC /* HabitDetailsViewController.swift */; };
		59A4F7BE2F320C8300FD4FCC /* HabitsViewController.swift in Sources */ = {isa = PBXBuildFile; fileRef = 59A4F7BC2F320C8300FD4FCC /* HabitsViewController.swift */; };
		59A4F7C22F320C8600FD4FCC /* HabitsCollectionViewCell.swift in Sources */ = {isa = PBXBuildFile; fileRef = 59A4F7BF2F320C8600FD4FCC /* HabitsCollectionViewCell.swift */; };
		59A4F7C32F320C8600FD4FCC /* HabitsHeaderView.swift in Sources */ = {isa = PBXBuildFile; fileRef = 59A4F7C02F320C8600FD4FCC /* HabitsHeaderView.swift */; };
/* End PBXBuildFile section */

/* Begin PBXFileReference section */
		590C83372F143DB40040C10E /* Marusya_Habits.app */ = {isa = PBXFileReference; explicitFileType = wrapper.application; includeInIndex = 0; path = Marusya_Habits.app; sourceTree = BUILT_PRODUCTS_DIR; };
		59A4F78C2F320B6700FD4FCC /* AppDelegate.swift */ = {isa = PBXFileReference; lastKnownFileType = sourcecode.swift; path = AppDelegate.swift; sourceTree = "<group>"; };
		59A4F78D2F320B6700FD4FCC /* SceneDelegate.swift */ = {isa = PBXFileReference; lastKnownFileType = sourcecode.swift; path = SceneDelegate.swift; sourceTree = "<group>"; };
		59A4F78F2F320B6700FD4FCC /* EditHabitViewController.swift */ = {isa = PBXFileReference; lastKnownFileType = sourcecode.swift; path = EditHabitViewController.swift; sourceTree = "<group>"; };
		59A4F7942F320B6700FD4FCC /* UIView.addSubViews.swift */ = {isa = PBXFileReference; lastKnownFileType = sourcecode.swift; path = UIView.addSubViews.swift; sourceTree = "<group>"; };
		59A4F7962F320B6700FD4FCC /* InfoViewController.swift */ = {isa = PBXFileReference; lastKnownFileType = sourcecode.swift; path = InfoViewController.swift; sourceTree = "<group>"; };
		59A4F7982F320B6700FD4FCC /* LaunchScreenViewController.swift */ = {isa = PBXFileReference; lastKnownFileType = sourcecode.swift; path = LaunchScreenViewController.swift; sourceTree = "<group>"; };
		59A4F79E2F320B6700FD4FCC /* Assets.xcassets */ = {isa = PBXFileReference; lastKnownFileType = folder.assetcatalog; path = Assets.xcassets; sourceTree = "<group>"; };
		59A4F79F2F320B6700FD4FCC /* Info.plist */ = {isa = PBXFileReference; lastKnownFileType = text.plist.xml; path = Info.plist; sourceTree = "<group>"; };
		59A4F7A12F320B6700FD4FCC /* HabitsStore.swift */ = {isa = PBXFileReference; lastKnownFileType = sourcecode.swift; path = HabitsStore.swift; sourceTree = "<group>"; };
		59A4F7B62F320C6C00FD4FCC /* HabitDetailsTableViewCell.swift */ = {isa = PBXFileReference; lastKnownFileType = sourcecode.swift; path = HabitDetailsTableViewCell.swift; sourceTree = "<group>"; };
		59A4F7B92F320C7F00FD4FCC /* HabitDetailsViewController.swift */ = {isa = PBXFileReference; lastKnownFileType = sourcecode.swift; path = HabitDetailsViewController.swift; sourceTree = "<group>"; };
		59A4F7BC2F320C8300FD4FCC /* HabitsViewController.swift */ = {isa = PBXFileReference; lastKnownFileType = sourcecode.swift; path = HabitsViewController.swift; sourceTree = "<group>"; };
		59A4F7BF2F320C8600FD4FCC /* HabitsCollectionViewCell.swift */ = {isa = PBXFileReference; lastKnownFileType = sourcecode.swift; path = HabitsCollectionViewCell.swift; sourceTree = "<group>"; };
		59A4F7C02F320C8600FD4FCC /* HabitsHeaderView.swift */ = {isa = PBXFileReference; lastKnownFileType = sourcecode.swift; path = HabitsHeaderView.swift; sourceTree = "<group>"; };
/* End PBXFileReference section */

/* Begin PBXFrameworksBuildPhase section */
		590C83342F143DB40040C10E /* Frameworks */ = {
			isa = PBXFrameworksBuildPhase;
			buildActionMask = 2147483647;
			files = (
			);
			runOnlyForDeploymentPostprocessing = 0;
		};
/* End PBXFrameworksBuildPhase section */

/* Begin PBXGroup section */
		590C832E2F143DB40040C10E = {
			isa = PBXGroup;
			children = (
				59A4F7A32F320B6700FD4FCC /* Marusya_Habits */,
				590C83382F143DB40040C10E /* Products */,
			);
			sourceTree = "<group>";
		};
		590C83382F143DB40040C10E /* Products */ = {
			isa = PBXGroup;
			children = (
				590C83372F143DB40040C10E /* Marusya_Habits.app */,
			);
			name = Products;
			sourceTree = "<group>";
		};
		59A4F78E2F320B6700FD4FCC /* App */ = {
			isa = PBXGroup;
			children = (
				59A4F78C2F320B6700FD4FCC /* AppDelegate.swift */,
				59A4F78D2F320B6700FD4FCC /* SceneDelegate.swift */,
			);
			path = App;
			sourceTree = "<group>";
		};
		59A4F7902F320B6700FD4FCC /* CreateEdit */ = {
			isa = PBXGroup;
			children = (
				59A4F78F2F320B6700FD4FCC /* EditHabitViewController.swift */,
			);
			path = CreateEdit;
			sourceTree = "<group>";
		};
		59A4F7932F320B6700FD4FCC /* Details */ = {
			isa = PBXGroup;
			children = (
				59A4F7BA2F320C7F00FD4FCC /* ViewController */,
				59A4F7B72F320C6C00FD4FCC /* Views */,
			);
			path = Details;
			sourceTree = "<group>";
		};
		59A4F7952F320B6700FD4FCC /* Extensions */ = {
			isa = PBXGroup;
			children = (
				59A4F7942F320B6700FD4FCC /* UIView.addSubViews.swift */,
			);
			path = Extensions;
			sourceTree = "<group>";
		};
		59A4F7972F320B6700FD4FCC /* Info */ = {
			isa = PBXGroup;
			children = (
				59A4F7962F320B6700FD4FCC /* InfoViewController.swift */,
			);
			path = Info;
			sourceTree = "<group>";
		};
		59A4F7992F320B6700FD4FCC /* LaunchScreen */ = {
			isa = PBXGroup;
			children = (
				59A4F7982F320B6700FD4FCC /* LaunchScreenViewController.swift */,
			);
			path = LaunchScreen;
			sourceTree = "<group>";
		};
		59A4F79D2F320B6700FD4FCC /* Main */ = {
			isa = PBXGroup;
			children = (
				59A4F7BD2F320C8300FD4FCC /* ViewController */,
				59A4F7C12F320C8600FD4FCC /* Views */,
			);
			path = Main;
			sourceTree = "<group>";
		};
		59A4F7A02F320B6700FD4FCC /* Resources */ = {
			isa = PBXGroup;
			children = (
				59A4F79E2F320B6700FD4FCC /* Assets.xcassets */,
				59A4F79F2F320B6700FD4FCC /* Info.plist */,
			);
			path = Resources;
			sourceTree = "<group>";
		};
		59A4F7A22F320B6700FD4FCC /* Store */ = {
			isa = PBXGroup;
			children = (
				59A4F7A12F320B6700FD4FCC /* HabitsStore.swift */,
			);
			path = Store;
			sourceTree = "<group>";
		};
		59A4F7A32F320B6700FD4FCC /* Marusya_Habits */ = {
			isa = PBXGroup;
			children = (
				59A4F78E2F320B6700FD4FCC /* App */,
				59A4F7952F320B6700FD4FCC /* Extensions */,
				59A4F7A02F320B6700FD4FCC /* Resources */,
				59A4F7902F320B6700FD4FCC /* CreateEdit */,
				59A4F7932F320B6700FD4FCC /* Details */,
				59A4F7972F320B6700FD4FCC /* Info */,
				59A4F7992F320B6700FD4FCC /* LaunchScreen */,
				59A4F79D2F320B6700FD4FCC /* Main */,
				59A4F7A22F320B6700FD4FCC /* Store */,
			);
			path = Marusya_Habits;
			sourceTree = "<group>";
		};
		59A4F7B72F320C6C00FD4FCC /* Views */ = {
			isa = PBXGroup;
			children = (
				59A4F7B62F320C6C00FD4FCC /* HabitDetailsTableViewCell.swift */,
			);
			path = Views;
			sourceTree = "<group>";
		};
		59A4F7BA2F320C7F00FD4FCC /* ViewController */ = {
			isa = PBXGroup;
			children = (
				59A4F7B92F320C7F00FD4FCC /* HabitDetailsViewController.swift */,
			);
			path = ViewController;
			sourceTree = "<group>";
		};
		59A4F7BD2F320C8300FD4FCC /* ViewController */ = {
			isa = PBXGroup;
			children = (
				59A4F7BC2F320C8300FD4FCC /* HabitsViewController.swift */,
			);
			path = ViewController;
			sourceTree = "<group>";
		};
		59A4F7C12F320C8600FD4FCC /* Views */ = {
			isa = PBXGroup;
			children = (
				59A4F7BF2F320C8600FD4FCC /* HabitsCollectionViewCell.swift */,
				59A4F7C02F320C8600FD4FCC /* HabitsHeaderView.swift */,
			);
			path = Views;
			sourceTree = "<group>";
		};
/* End PBXGroup section */

/* Begin PBXNativeTarget section */
		590C83362F143DB40040C10E /* Marusya_Habits */ = {
			isa = PBXNativeTarget;
			buildConfigurationList = 590C834A2F143DB50040C10E /* Build configuration list for PBXNativeTarget "Marusya_Habits" */;
			buildPhases = (
				590C83332F143DB40040C10E /* Sources */,
				590C83342F143DB40040C10E /* Frameworks */,
				590C83352F143DB40040C10E /* Resources */,
			);
			buildRules = (
			);
			dependencies = (
			);
			name = Marusya_Habits;
			packageProductDependencies = (
			);
			productName = Marusya_Habits;
			productReference = 590C83372F143DB40040C10E /* Marusya_Habits.app */;
			productType = "com.apple.product-type.application";
		};
/* End PBXNativeTarget section */

/* Begin PBXProject section */
		590C832F2F143DB40040C10E /* Project object */ = {
			isa = PBXProject;
			attributes = {
				BuildIndependentTargetsInParallel = 1;
				LastSwiftUpdateCheck = 2610;
				LastUpgradeCheck = 2610;
				TargetAttributes = {
					590C83362F143DB40040C10E = {
						CreatedOnToolsVersion = 26.1.1;
					};
				};
			};
			buildConfigurationList = 590C83322F143DB40040C10E /* Build configuration list for PBXProject "Marusya_Habits" */;
			developmentRegion = en;
			hasScannedForEncodings = 0;
			knownRegions = (
				en,
				Base,
			);
			mainGroup = 590C832E2F143DB40040C10E;
			minimizedProjectReferenceProxies = 1;
			preferredProjectObjectVersion = 77;
			productRefGroup = 590C83382F143DB40040C10E /* Products */;
			projectDirPath = "";
			projectRoot = "";
			targets = (
				590C83362F143DB40040C10E /* Marusya_Habits */,
			);
		};
/* End PBXProject section */

/* Begin PBXResourcesBuildPhase section */
		590C83352F143DB40040C10E /* Resources */ = {
			isa = PBXResourcesBuildPhase;
			buildActionMask = 2147483647;
			files = (
				59A4F7B02F320B6700FD4FCC /* Assets.xcassets in Resources */,
			);
			runOnlyForDeploymentPostprocessing = 0;
		};
/* End PBXResourcesBuildPhase section */

/* Begin PBXSourcesBuildPhase section */
		590C83332F143DB40040C10E /* Sources */ = {
			isa = PBXSourcesBuildPhase;
			buildActionMask = 2147483647;
			files = (
				59A4F7A42F320B6700FD4FCC /* AppDelegate.swift in Sources */,
				59A4F7A52F320B6700FD4FCC /* SceneDelegate.swift in Sources */,
				59A4F7A62F320B6700FD4FCC /* EditHabitViewController.swift in Sources */,
				59A4F7A92F320B6700FD4FCC /* UIView.addSubViews.swift in Sources */,
				59A4F7BB2F320C7F00FD4FCC /* HabitDetailsViewController.swift in Sources */,
				59A4F7AA2F320B6700FD4FCC /* InfoViewController.swift in Sources */,
				59A4F7AB2F320B6700FD4FCC /* LaunchScreenViewController.swift in Sources */,
				59A4F7BE2F320C8300FD4FCC /* HabitsViewController.swift in Sources */,
				59A4F7AF2F320B6700FD4FCC /* HabitsStore.swift in Sources */,
				59A4F7B82F320C6C00FD4FCC /* HabitDetailsTableViewCell.swift in Sources */,
				59A4F7C22F320C8600FD4FCC /* HabitsCollectionViewCell.swift in Sources */,
				59A4F7C32F320C8600FD4FCC /* HabitsHeaderView.swift in Sources */,
			);
			runOnlyForDeploymentPostprocessing = 0;
		};
/* End PBXSourcesBuildPhase section */

/* Begin XCBuildConfiguration section */
		590C834B2F143DB50040C10E /* Debug */ = {
			isa = XCBuildConfiguration;
			buildSettings = {
				ASSETCATALOG_COMPILER_APPICON_NAME = AppIcon;
				ASSETCATALOG_COMPILER_GLOBAL_ACCENT_COLOR_NAME = AccentColor;
				CODE_SIGN_STYLE = Automatic;
				CURRENT_PROJECT_VERSION = 1;
				DEVELOPMENT_TEAM = HU72KBR3S6;
				GENERATE_INFOPLIST_FILE = YES;
				INFOPLIST_FILE = Marusya_Habits/Resources/Info.plist;
				INFOPLIST_KEY_UIApplicationSupportsIndirectInputEvents = YES;
				INFOPLIST_KEY_UILaunchStoryboardName = LaunchScreen;
				INFOPLIST_KEY_UISupportedInterfaceOrientations_iPad = "UIInterfaceOrientationPortrait UIInterfaceOrientationPortraitUpsideDown UIInterfaceOrientationLandscapeLeft UIInterfaceOrientationLandscapeRight";
				INFOPLIST_KEY_UISupportedInterfaceOrientations_iPhone = "UIInterfaceOrientationPortrait UIInterfaceOrientationLandscapeLeft UIInterfaceOrientationLandscapeRight";
				LD_RUNPATH_SEARCH_PATHS = (
					"$(inherited)",
					"@executable_path/Frameworks",
				);
				MARKETING_VERSION = 1.0;
				PRODUCT_BUNDLE_IDENTIFIER = "Deshab.Marusya-Habits";
				PRODUCT_NAME = "$(TARGET_NAME)";
				STRING_CATALOG_GENERATE_SYMBOLS = YES;
				SWIFT_APPROACHABLE_CONCURRENCY = YES;
				SWIFT_DEFAULT_ACTOR_ISOLATION = MainActor;
				SWIFT_EMIT_LOC_STRINGS = YES;
				SWIFT_UPCOMING_FEATURE_MEMBER_IMPORT_VISIBILITY = YES;
				SWIFT_VERSION = 5.0;
				TARGETED_DEVICE_FAMILY = "1,2";
			};
			name = Debug;
		};
		590C834C2F143DB50040C10E /* Release */ = {
			isa = XCBuildConfiguration;
			buildSettings = {
				ASSETCATALOG_COMPILER_APPICON_NAME = AppIcon;
				ASSETCATALOG_COMPILER_GLOBAL_ACCENT_COLOR_NAME = AccentColor;
				CODE_SIGN_STYLE = Automatic;
				CURRENT_PROJECT_VERSION = 1;
				DEVELOPMENT_TEAM = HU72KBR3S6;
				GENERATE_INFOPLIST_FILE = YES;
				INFOPLIST_FILE = Marusya_Habits/Resources/Info.plist;
				INFOPLIST_KEY_UIApplicationSupportsIndirectInputEvents = YES;
				INFOPLIST_KEY_UILaunchStoryboardName = LaunchScreen;
				INFOPLIST_KEY_UISupportedInterfaceOrientations_iPad = "UIInterfaceOrientationPortrait UIInterfaceOrientationPortraitUpsideDown UIInterfaceOrientationLandscapeLeft UIInterfaceOrientationLandscapeRight";
				INFOPLIST_KEY_UISupportedInterfaceOrientations_iPhone = "UIInterfaceOrientationPortrait UIInterfaceOrientationLandscapeLeft UIInterfaceOrientationLandscapeRight";
				LD_RUNPATH_SEARCH_PATHS = (
					"$(inherited)",
					"@executable_path/Frameworks",
				);
				MARKETING_VERSION = 1.0;
				PRODUCT_BUNDLE_IDENTIFIER = "Deshab.Marusya-Habits";
				PRODUCT_NAME = "$(TARGET_NAME)";
				STRING_CATALOG_GENERATE_SYMBOLS = YES;
				SWIFT_APPROACHABLE_CONCURRENCY = YES;
				SWIFT_DEFAULT_ACTOR_ISOLATION = MainActor;
				SWIFT_EMIT_LOC_STRINGS = YES;
				SWIFT_UPCOMING_FEATURE_MEMBER_IMPORT_VISIBILITY = YES;
				SWIFT_VERSION = 5.0;
				TARGETED_DEVICE_FAMILY = "1,2";
			};
			name = Release;
		};
		590C834D2F143DB50040C10E /* Debug */ = {
			isa = XCBuildConfiguration;
			buildSettings = {
				ALWAYS_SEARCH_USER_PATHS = NO;
				ASSETCATALOG_COMPILER_GENERATE_SWIFT_ASSET_SYMBOL_EXTENSIONS = YES;
				CLANG_ANALYZER_NONNULL = YES;
				CLANG_ANALYZER_NUMBER_OBJECT_CONVERSION = YES_AGGRESSIVE;
				CLANG_CXX_LANGUAGE_STANDARD = "gnu++20";
				CLANG_ENABLE_MODULES = YES;
				CLANG_ENABLE_OBJC_ARC = YES;
				CLANG_ENABLE_OBJC_WEAK = YES;
				CLANG_WARN_BLOCK_CAPTURE_AUTORELEASING = YES;
				CLANG_WARN_BOOL_CONVERSION = YES;
				CLANG_WARN_COMMA = YES;
				CLANG_WARN_CONSTANT_CONVERSION = YES;
				CLANG_WARN_DEPRECATED_OBJC_IMPLEMENTATIONS = YES;
				CLANG_WARN_DIRECT_OBJC_ISA_USAGE = YES_ERROR;
				CLANG_WARN_DOCUMENTATION_COMMENTS = YES;
				CLANG_WARN_EMPTY_BODY = YES;
				CLANG_WARN_ENUM_CONVERSION = YES;
				CLANG_WARN_INFINITE_RECURSION = YES;
				CLANG_WARN_INT_CONVERSION = YES;
				CLANG_WARN_NON_LITERAL_NULL_CONVERSION = YES;
				CLANG_WARN_OBJC_IMPLICIT_RETAIN_SELF = YES;
				CLANG_WARN_OBJC_LITERAL_CONVERSION = YES;
				CLANG_WARN_OBJC_ROOT_CLASS = YES_ERROR;
				CLANG_WARN_QUOTED_INCLUDE_IN_FRAMEWORK_HEADER = YES;
				CLANG_WARN_RANGE_LOOP_ANALYSIS = YES;
				CLANG_WARN_STRICT_PROTOTYPES = YES;
				CLANG_WARN_SUSPICIOUS_MOVE = YES;
				CLANG_WARN_UNGUARDED_AVAILABILITY = YES_AGGRESSIVE;
				CLANG_WARN_UNREACHABLE_CODE = YES;
				CLANG_WARN__DUPLICATE_METHOD_MATCH = YES;
				COPY_PHASE_STRIP = NO;
				DEBUG_INFORMATION_FORMAT = dwarf;
				DEVELOPMENT_TEAM = HU72KBR3S6;
				ENABLE_STRICT_OBJC_MSGSEND = YES;
				ENABLE_TESTABILITY = YES;
				ENABLE_USER_SCRIPT_SANDBOXING = YES;
				GCC_C_LANGUAGE_STANDARD = gnu17;
				GCC_DYNAMIC_NO_PIC = NO;
				GCC_NO_COMMON_BLOCKS = YES;
				GCC_OPTIMIZATION_LEVEL = 0;
				GCC_PREPROCESSOR_DEFINITIONS = (
					"DEBUG=1",
					"$(inherited)",
				);
				GCC_WARN_64_TO_32_BIT_CONVERSION = YES;
				GCC_WARN_ABOUT_RETURN_TYPE = YES_ERROR;
				GCC_WARN_UNDECLARED_SELECTOR = YES;
				GCC_WARN_UNINITIALIZED_AUTOS = YES_AGGRESSIVE;
				GCC_WARN_UNUSED_FUNCTION = YES;
				GCC_WARN_UNUSED_VARIABLE = YES;
				IPHONEOS_DEPLOYMENT_TARGET = 26.1;
				LOCALIZATION_PREFERS_STRING_CATALOGS = YES;
				MTL_ENABLE_DEBUG_INFO = INCLUDE_SOURCE;
				MTL_FAST_MATH = YES;
				ONLY_ACTIVE_ARCH = YES;
				SDKROOT = iphoneos;
				SWIFT_ACTIVE_COMPILATION_CONDITIONS = "DEBUG $(inherited)";
				SWIFT_OPTIMIZATION_LEVEL = "-Onone";
			};
			name = Debug;
		};
		590C834E2F143DB50040C10E /* Release */ = {
			isa = XCBuildConfiguration;
			buildSettings = {
				ALWAYS_SEARCH_USER_PATHS = NO;
				ASSETCATALOG_COMPILER_GENERATE_SWIFT_ASSET_SYMBOL_EXTENSIONS = YES;
				CLANG_ANALYZER_NONNULL = YES;
				CLANG_ANALYZER_NUMBER_OBJECT_CONVERSION = YES_AGGRESSIVE;
				CLANG_CXX_LANGUAGE_STANDARD = "gnu++20";
				CLANG_ENABLE_MODULES = YES;
				CLANG_ENABLE_OBJC_ARC = YES;
				CLANG_ENABLE_OBJC_WEAK = YES;
				CLANG_WARN_BLOCK_CAPTURE_AUTORELEASING = YES;
				CLANG_WARN_BOOL_CONVERSION = YES;
				CLANG_WARN_COMMA = YES;
				CLANG_WARN_CONSTANT_CONVERSION = YES;
				CLANG_WARN_DEPRECATED_OBJC_IMPLEMENTATIONS = YES;
				CLANG_WARN_DIRECT_OBJC_ISA_USAGE = YES_ERROR;
				CLANG_WARN_DOCUMENTATION_COMMENTS = YES;
				CLANG_WARN_EMPTY_BODY = YES;
				CLANG_WARN_ENUM_CONVERSION = YES;
				CLANG_WARN_INFINITE_RECURSION = YES;
				CLANG_WARN_INT_CONVERSION = YES;
				CLANG_WARN_NON_LITERAL_NULL_CONVERSION = YES;
				CLANG_WARN_OBJC_IMPLICIT_RETAIN_SELF = YES;
				CLANG_WARN_OBJC_LITERAL_CONVERSION = YES;
				CLANG_WARN_OBJC_ROOT_CLASS = YES_ERROR;
				CLANG_WARN_QUOTED_INCLUDE_IN_FRAMEWORK_HEADER = YES;
				CLANG_WARN_RANGE_LOOP_ANALYSIS = YES;
				CLANG_WARN_STRICT_PROTOTYPES = YES;
				CLANG_WARN_SUSPICIOUS_MOVE = YES;
				CLANG_WARN_UNGUARDED_AVAILABILITY = YES_AGGRESSIVE;
				CLANG_WARN_UNREACHABLE_CODE = YES;
				CLANG_WARN__DUPLICATE_METHOD_MATCH = YES;
				COPY_PHASE_STRIP = NO;
				DEBUG_INFORMATION_FORMAT = "dwarf-with-dsym";
				DEVELOPMENT_TEAM = HU72KBR3S6;
				ENABLE_NS_ASSERTIONS = NO;
				ENABLE_STRICT_OBJC_MSGSEND = YES;
				ENABLE_USER_SCRIPT_SANDBOXING = YES;
				GCC_C_LANGUAGE_STANDARD = gnu17;
				GCC_NO_COMMON_BLOCKS = YES;
				GCC_WARN_64_TO_32_BIT_CONVERSION = YES;
				GCC_WARN_ABOUT_RETURN_TYPE = YES_ERROR;
				GCC_WARN_UNDECLARED_SELECTOR = YES;
				GCC_WARN_UNINITIALIZED_AUTOS = YES_AGGRESSIVE;
				GCC_WARN_UNUSED_FUNCTION = YES;
				GCC_WARN_UNUSED_VARIABLE = YES;
				IPHONEOS_DEPLOYMENT_TARGET = 26.1;
				LOCALIZATION_PREFERS_STRING_CATALOGS = YES;
				MTL_ENABLE_DEBUG_INFO = NO;
				MTL_FAST_MATH = YES;
				SDKROOT = iphoneos;
				SWIFT_COMPILATION_MODE = wholemodule;
				VALIDATE_PRODUCT = YES;
			};
			name = Release;
		};
/* End XCBuildConfiguration section */

/* Begin XCConfigurationList section */
		590C83322F143DB40040C10E /* Build configuration list for PBXProject "Marusya_Habits" */ = {
			isa = XCConfigurationList;
			buildConfigurations = (
				590C834D2F143DB50040C10E /* Debug */,
				590C834E2F143DB50040C10E /* Release */,
			);
			defaultConfigurationIsVisible = 0;
			defaultConfigurationName = Release;
		};
		590C834A2F143DB50040C10E /* Build configuration list for PBXNativeTarget "Marusya_Habits" */ = {
			isa = XCConfigurationList;
			buildConfigurations = (
				590C834B2F143DB50040C10E /* Debug */,
				590C834C2F143DB50040C10E /* Release */,
			);
			defaultConfigurationIsVisible = 0;
			defaultConfigurationName = Release;
		};
/* End XCConfigurationList section */
	};
	rootObject = 590C832F2F143DB40040C10E /* Project object */;
}
